{
  "requires": true,
  "lockfileVersion": 1,
  "dependencies": {
    "@syncfusion/ej2-angular-base": {
      "version": "18.1.45",
      "resolved": "https://registry.npmjs.org/@syncfusion/ej2-angular-base/-/ej2-angular-base-18.1.45.tgz",
      "integrity": "sha512-g34+XN2KgoLTWdCtdYSPgYLT2i0Hukogj898WSEUzQJCmkJBNDxQs5E91+dxeTWERVWpnNcPk61WGFF287DK0w==",
      "requires": {
        "@syncfusion/ej2-base": "~18.1.44",
        "core-js": "^3.4.8",
        "reflect-metadata": "^0.1.9",
        "rxjs": "^5.0.0",
        "zone.js": "^0.7.2"
      }
    },
    "@syncfusion/ej2-angular-navigations": {
      "version": "18.1.45",
      "resolved": "https://registry.npmjs.org/@syncfusion/ej2-angular-navigations/-/ej2-angular-navigations-18.1.45.tgz",
      "integrity": "sha512-karckZ4OKaqHkEw566YhSCQVFFLzLCmhgF95ScHqW0sMrGyi413NZK0LQ2puFtL1GTykUVuwAtKUKSYRA96MOQ==",
      "requires": {
        "@syncfusion/ej2-angular-base": "~18.1.45",
        "@syncfusion/ej2-base": "~18.1.44",
        "@syncfusion/ej2-navigations": "18.1.45"
      }
    },
    "@syncfusion/ej2-base": {
      "version": "18.1.44",
      "resolved": "https://registry.npmjs.org/@syncfusion/ej2-base/-/ej2-base-18.1.44.tgz",
      "integrity": "sha512-Z1Y9fCs1Fa3ZkP31/C1L97mzMm/Al7W5eGZdUuu60A0volrB1ZGdlPzM/oLP6kdFrICr+OSnL84vDHF5pI0hVg==",
      "requires": {
        "@syncfusion/ej2-icons": "~18.1.42"
      }
    },
    "@syncfusion/ej2-buttons": {
      "version": "18.1.43",
      "resolved": "https://registry.npmjs.org/@syncfusion/ej2-buttons/-/ej2-buttons-18.1.43.tgz",
      "integrity": "sha512-QihDJN91mrgROp1OyH7Wa1J3UBAXkoC17KQLmQOxjMhNmoVwgNeNpd0q8lkshrZHLaMd5gXdvJ22rXvGL7CACg==",
      "requires": {
        "@syncfusion/ej2-base": "~18.1.42"
      }
    },
    "@syncfusion/ej2-data": {
      "version": "18.1.43",
      "resolved": "https://registry.npmjs.org/@syncfusion/ej2-data/-/ej2-data-18.1.43.tgz",
      "integrity": "sha512-szSyI1VDJ0m6J7IPL/rLdCJG4tfrRY1ObcvoQtfsTvklreLjOwXhZzyZYStTrO+I4J0tmBeSs81cruA9Ccm4Jw==",
      "requires": {
        "@syncfusion/ej2-base": "~18.1.42"
      }
    },
    "@syncfusion/ej2-icons": {
      "version": "18.1.42",
      "resolved": "https://registry.npmjs.org/@syncfusion/ej2-icons/-/ej2-icons-18.1.42.tgz",
      "integrity": "sha512-uBxHW5pUO8VpCr7qt+d3GFXzkX7uqojO6KHPu8t6QBgnwPFY8k4mQo6/pxBi/2xSeEaAr4nH+co9OErrq8qDeA=="
    },
    "@syncfusion/ej2-inputs": {
      "version": "18.1.45",
      "resolved": "https://registry.npmjs.org/@syncfusion/ej2-inputs/-/ej2-inputs-18.1.45.tgz",
      "integrity": "sha512-Qq63pK3F3AaLzxe6179C7+iwkBbsWrKV3BPBXO9iJOUbjZDUtKLZmSXm8jvRJNC2pqqTePxN+6UERmwVQ7dEdQ==",
      "requires": {
        "@syncfusion/ej2-base": "~18.1.44",
        "@syncfusion/ej2-buttons": "~18.1.43",
        "@syncfusion/ej2-popups": "~18.1.45",
        "@syncfusion/ej2-splitbuttons": "~18.1.43"
      }
    },
    "@syncfusion/ej2-lists": {
      "version": "18.1.45",
      "resolved": "https://registry.npmjs.org/@syncfusion/ej2-lists/-/ej2-lists-18.1.45.tgz",
      "integrity": "sha512-96FafsPYXtX23AyABoSdg+PEUoS1UQ0mKeUT7u9pY1l0g3KhIEo1ZUNJpHvFcJHlxTmIERbwFb8t0FDjinhMXw==",
      "requires": {
        "@syncfusion/ej2-base": "~18.1.44",
        "@syncfusion/ej2-buttons": "~18.1.43",
        "@syncfusion/ej2-data": "~18.1.43"
      }
    },
    "@syncfusion/ej2-navigations": {
      "version": "18.1.45",
      "resolved": "https://registry.npmjs.org/@syncfusion/ej2-navigations/-/ej2-navigations-18.1.45.tgz",
      "integrity": "sha512-8DPTMq/JkpwjzpPM4PRo7RiOkMHuOudM+V4tOarGE5levxuPTfgolKxYtSMm5lmyXcVP8JG1kfc2PM+Faoga8Q==",
      "requires": {
        "@syncfusion/ej2-base": "~18.1.44",
        "@syncfusion/ej2-buttons": "~18.1.43",
        "@syncfusion/ej2-data": "~18.1.43",
        "@syncfusion/ej2-inputs": "~18.1.45",
        "@syncfusion/ej2-lists": "~18.1.45",
        "@syncfusion/ej2-popups": "~18.1.45"
      }
    },
    "@syncfusion/ej2-popups": {
      "version": "18.1.45",
      "resolved": "https://registry.npmjs.org/@syncfusion/ej2-popups/-/ej2-popups-18.1.45.tgz",
      "integrity": "sha512-GwCAvNTW+LPTm+yHhvHTuDCTDnUfoIelTGPIr0o0GLQ9nc8JiyhUIsSygnk5plHSQ6gsuSTOi3sf4N7uKtH5og==",
      "requires": {
        "@syncfusion/ej2-base": "~18.1.44",
        "@syncfusion/ej2-buttons": "~18.1.43"
      }
    },
    "@syncfusion/ej2-splitbuttons": {
      "version": "18.1.43",
      "resolved": "https://registry.npmjs.org/@syncfusion/ej2-splitbuttons/-/ej2-splitbuttons-18.1.43.tgz",
      "integrity": "sha512-eqJM9hr2cddYNvDIFT12ehfhXArA8mHnkNYunHkStHJeGlf2bA78wc0euKaK+F3vWeiY2g7qOuuTEJtmC9ROvQ==",
      "requires": {
        "@syncfusion/ej2-base": "~18.1.42",
        "@syncfusion/ej2-popups": "~18.1.43"
      }
    },
    "core-js": {
      "version": "3.6.5",
      "resolved": "https://registry.npmjs.org/core-js/-/core-js-3.6.5.tgz",
      "integrity": "sha512-vZVEEwZoIsI+vPEuoF9Iqf5H7/M3eeQqWlQnYa8FSKKePuYTf5MWnxb5SDAzCa60b3JBRS5g9b+Dq7b1y/RCrA=="
    },
    "reflect-metadata": {
      "version": "0.1.13",
      "resolved": "https://registry.npmjs.org/reflect-metadata/-/reflect-metadata-0.1.13.tgz",
      "integrity": "sha512-Ts1Y/anZELhSsjMcU605fU9RE4Oi3p5ORujwbIKXfWa+0Zxs510Qrmrce5/Jowq3cHSZSJqBjypxmHarc+vEWg=="
    },
    "rxjs": {
      "version": "5.5.12",
      "resolved": "https://registry.npmjs.org/rxjs/-/rxjs-5.5.12.tgz",
      "integrity": "sha512-xx2itnL5sBbqeeiVgNPVuQQ1nC8Jp2WfNJhXWHmElW9YmrpS9UVnNzhP3EH3HFqexO5Tlp8GhYY+WEcqcVMvGw==",
      "requires": {
        "symbol-observable": "1.0.1"
      }
    },
    "symbol-observable": {
      "version": "1.0.1",
      "resolved": "https://registry.npmjs.org/symbol-observable/-/symbol-observable-1.0.1.tgz",
      "integrity": "sha1-g0D8RwLDEi310iKI+IKD9RPT/dQ="
    },
    "zone.js": {
      "version": "0.7.8",
      "resolved": "https://registry.npmjs.org/zone.js/-/zone.js-0.7.8.tgz",
      "integrity": "sha1-Tz/og01EWX8mOQU6D6Q43zT//e0="
    }
  }
}
